
Microsoft Visual Studio Solution File, Format Version 12.00
# Visual Studio 14
VisualStudioVersion = 14.0.24720.0
MinimumVisualStudioVersion = 10.0.40219.1
Project("{8BC9CEB8-8B4A-11D0-8D11-00A0C91BC942}") = "01", "01\01.vcxproj", "{C7949551-A0C5-4E7C-B82B-A2930B80CC5D}"
EndProject
Project("{8BC9CEB8-8B4A-11D0-8D11-00A0C91BC942}") = "02", "02\02.vcxproj", "{D61B86BB-6B9E-41C4-B318-52DFB23E40B3}"
EndProject
Project("{8BC9CEB8-8B4A-11D0-8D11-00A0C91BC942}") = "03", "03\03.vcxproj", "{7DB3C01C-9AC9-42B9-8FD6-4C80D1E8DA37}"
EndProject
Global
	GlobalSection(SolutionConfigurationPlatforms) = preSolution
		Debug|x64 = Debug|x64
		Debug|x86 = Debug|x86
		Release|x64 = Release|x64
		Release|x86 = Release|x86
	EndGlobalSection
	GlobalSection(ProjectConfigurationPlatforms) = postSolution
		{C7949551-A0C5-4E7C-B82B-A2930B80CC5D}.Debug|x64.ActiveCfg = Debug|x64
		{C7949551-A0C5-4E7C-B82B-A2930B80CC5D}.Debug|x64.Build.0 = Debug|x64
		{C7949551-A0C5-4E7C-B82B-A2930B80CC5D}.Debug|x86.ActiveCfg = Debug|Win32
		{C7949551-A0C5-4E7C-B82B-A2930B80CC5D}.Debug|x86.Build.0 = Debug|Win32
		{C7949551-A0C5-4E7C-B82B-A2930B80CC5D}.Release|x64.ActiveCfg = Release|x64
		{C7949551-A0C5-4E7C-B82B-A2930B80CC5D}.Release|x64.Build.0 = Release|x64
		{C7949551-A0C5-4E7C-B82B-A2930B80CC5D}.Release|x86.ActiveCfg = Release|Win32
		{C7949551-A0C5-4E7C-B82B-A2930B80CC5D}.Release|x86.Build.0 = Release|Win32
		{D61B86BB-6B9E-41C4-B318-52DFB23E40B3}.Debug|x64.ActiveCfg = Debug|x64
		{D61B86BB-6B9E-41C4-B318-52DFB23E40B3}.Debug|x64.Build.0 = Debug|x64
		{D61B86BB-6B9E-41C4-B318-52DFB23E40B3}.Debug|x86.ActiveCfg = Debug|Win32
		{D61B86BB-6B9E-41C4-B318-52DFB23E40B3}.Debug|x86.Build.0 = Debug|Win32
		{D61B86BB-6B9E-41C4-B318-52DFB23E40B3}.Release|x64.ActiveCfg = Release|x64
		{D61B86BB-6B9E-41C4-B318-52DFB23E40B3}.Release|x64.Build.0 = Release|x64
		{D61B86BB-6B9E-41C4-B318-52DFB23E40B3}.Release|x86.ActiveCfg = Release|Win32
		{D61B86BB-6B9E-41C4-B318-52DFB23E40B3}.Release|x86.Build.0 = Release|Win32
		{7DB3C01C-9AC9-42B9-8FD6-4C80D1E8DA37}.Debug|x64.ActiveCfg = Debug|x64
		{7DB3C01C-9AC9-42B9-8FD6-4C80D1E8DA37}.Debug|x64.Build.0 = Debug|x64
		{7DB3C01C-9AC9-42B9-8FD6-4C80D1E8DA37}.Debug|x86.ActiveCfg = Debug|Win32
		{7DB3C01C-9AC9-42B9-8FD6-4C80D1E8DA37}.Debug|x86.Build.0 = Debug|Win32
		{7DB3C01C-9AC9-42B9-8FD6-4C80D1E8DA37}.Release|x64.ActiveCfg = Release|x64
		{7DB3C01C-9AC9-42B9-8FD6-4C80D1E8DA37}.Release|x64.Build.0 = Release|x64
		{7DB3C01C-9AC9-42B9-8FD6-4C80D1E8DA37}.Release|x86.ActiveCfg = Release|Win32
		{7DB3C01C-9AC9-42B9-8FD6-4C80D1E8DA37}.Release|x86.Build.0 = Release|Win32
	EndGlobalSection
	GlobalSection(SolutionProperties) = preSolution
		HideSolutionNode = FALSE
	EndGlobalSection
EndGlobal
